// !$*UTF8*$!
{
	archiveVersion = 1;
	classes = {
	};
	objectVersion = 47;
	objects = {

/* Begin PBXBuildFile section */
		5A53D6981C18D055008EA182 /* RoomPickerViewController.m in Sources */ = {isa = PBXBuildFile; fileRef = 5A53D6961C18D055008EA182 /* RoomPickerViewController.m */; };
		5A53D6991C18D055008EA182 /* RoomPickerViewController.xib in Resources */ = {isa = PBXBuildFile; fileRef = 5A53D6971C18D055008EA182 /* RoomPickerViewController.xib */; };
		5A53D69D1C18D4B9008EA182 /* Reservation.m in Sources */ = {isa = PBXBuildFile; fileRef = 5A53D69C1C18D4B9008EA182 /* Reservation.m */; };
		5A53D6A01C18D4B9008EA182 /* Room.m in Sources */ = {isa = PBXBuildFile; fileRef = 5A53D69F1C18D4B9008EA182 /* Room.m */; };
		5A53D6A31C18D4BA008EA182 /* Users.m in Sources */ = {isa = PBXBuildFile; fileRef = 5A53D6A21C18D4BA008EA182 /* Users.m */; };
		5AEF49611C18CD62003F0F73 /* TimePickerViewController.m in Sources */ = {isa = PBXBuildFile; fileRef = 5AEF495F1C18CD62003F0F73 /* TimePickerViewController.m */; };
		5AEF49621C18CD62003F0F73 /* TimePickerViewController.xib in Resources */ = {isa = PBXBuildFile; fileRef = 5AEF49601C18CD62003F0F73 /* TimePickerViewController.xib */; };
		5AEF49661C18CDC2003F0F73 /* ReasonPickerViewController.m in Sources */ = {isa = PBXBuildFile; fileRef = 5AEF49641C18CDC2003F0F73 /* ReasonPickerViewController.m */; };
		5AEF49671C18CDC2003F0F73 /* ReasonPickerViewController.xib in Resources */ = {isa = PBXBuildFile; fileRef = 5AEF49651C18CDC2003F0F73 /* ReasonPickerViewController.xib */; };
		C43C0CC51C18A94800BC3265 /* MainMenuViewController.m in Sources */ = {isa = PBXBuildFile; fileRef = C43C0CC41C18A94800BC3265 /* MainMenuViewController.m */; };
		C43C0CC81C18C0F500BC3265 /* DateViewController.m in Sources */ = {isa = PBXBuildFile; fileRef = C43C0CC71C18C0F500BC3265 /* DateViewController.m */; };
		C4CEF7A31C14B4A800376760 /* main.m in Sources */ = {isa = PBXBuildFile; fileRef = C4CEF7A21C14B4A800376760 /* main.m */; };
		C4CEF7A61C14B4A800376760 /* AppDelegate.m in Sources */ = {isa = PBXBuildFile; fileRef = C4CEF7A51C14B4A800376760 /* AppDelegate.m */; };
		C4CEF7A91C14B4A900376760 /* RoomRes.xcdatamodeld in Sources */ = {isa = PBXBuildFile; fileRef = C4CEF7A71C14B4A900376760 /* RoomRes.xcdatamodeld */; };
		C4CEF7AC1C14B4A900376760 /* LoginViewController.m in Sources */ = {isa = PBXBuildFile; fileRef = C4CEF7AB1C14B4A900376760 /* LoginViewController.m */; };
		C4CEF7AF1C14B4A900376760 /* Main.storyboard in Resources */ = {isa = PBXBuildFile; fileRef = C4CEF7AD1C14B4A900376760 /* Main.storyboard */; };
		C4CEF7B11C14B4A900376760 /* Images.xcassets in Resources */ = {isa = PBXBuildFile; fileRef = C4CEF7B01C14B4A900376760 /* Images.xcassets */; };
		C4CEF7B41C14B4A900376760 /* LaunchScreen.xib in Resources */ = {isa = PBXBuildFile; fileRef = C4CEF7B21C14B4A900376760 /* LaunchScreen.xib */; };
		C4CEF7C01C14B4A900376760 /* RoomResTests.m in Sources */ = {isa = PBXBuildFile; fileRef = C4CEF7BF1C14B4A900376760 /* RoomResTests.m */; };
		C4CEF7CA1C14D49500376760 /* CoreData.framework in Frameworks */ = {isa = PBXBuildFile; fileRef = C4CEF7C91C14D49500376760 /* CoreData.framework */; };
/* End PBXBuildFile section */

/* Begin PBXContainerItemProxy section */
		C4CEF7BA1C14B4A900376760 /* PBXContainerItemProxy */ = {
			isa = PBXContainerItemProxy;
			containerPortal = C4CEF7951C14B4A800376760 /* Project object */;
			proxyType = 1;
			remoteGlobalIDString = C4CEF79C1C14B4A800376760;
			remoteInfo = RoomRes;
		};
/* End PBXContainerItemProxy section */

/* Begin PBXFileReference section */
		5A53D6951C18D055008EA182 /* RoomPickerViewController.h */ = {isa = PBXFileReference; fileEncoding = 4; lastKnownFileType = sourcecode.c.h; path = RoomPickerViewController.h; sourceTree = "<group>"; };
		5A53D6961C18D055008EA182 /* RoomPickerViewController.m */ = {isa = PBXFileReference; fileEncoding = 4; lastKnownFileType = sourcecode.c.objc; path = RoomPickerViewController.m; sourceTree = "<group>"; };
		5A53D6971C18D055008EA182 /* RoomPickerViewController.xib */ = {isa = PBXFileReference; fileEncoding = 4; lastKnownFileType = file.xib; path = RoomPickerViewController.xib; sourceTree = "<group>"; };
		5A53D69B1C18D4B9008EA182 /* Reservation.h */ = {isa = PBXFileReference; fileEncoding = 4; lastKnownFileType = sourcecode.c.h; path = Reservation.h; sourceTree = "<group>"; };
		5A53D69C1C18D4B9008EA182 /* Reservation.m */ = {isa = PBXFileReference; fileEncoding = 4; lastKnownFileType = sourcecode.c.objc; path = Reservation.m; sourceTree = "<group>"; };
		5A53D69E1C18D4B9008EA182 /* Room.h */ = {isa = PBXFileReference; fileEncoding = 4; lastKnownFileType = sourcecode.c.h; path = Room.h; sourceTree = "<group>"; };
		5A53D69F1C18D4B9008EA182 /* Room.m */ = {isa = PBXFileReference; fileEncoding = 4; lastKnownFileType = sourcecode.c.objc; path = Room.m; sourceTree = "<group>"; };
		5A53D6A11C18D4BA008EA182 /* Users.h */ = {isa = PBXFileReference; fileEncoding = 4; lastKnownFileType = sourcecode.c.h; path = Users.h; sourceTree = "<group>"; };
		5A53D6A21C18D4BA008EA182 /* Users.m */ = {isa = PBXFileReference; fileEncoding = 4; lastKnownFileType = sourcecode.c.objc; path = Users.m; sourceTree = "<group>"; };
		5AEF495E1C18CD62003F0F73 /* TimePickerViewController.h */ = {isa = PBXFileReference; fileEncoding = 4; lastKnownFileType = sourcecode.c.h; path = TimePickerViewController.h; sourceTree = "<group>"; };
		5AEF495F1C18CD62003F0F73 /* TimePickerViewController.m */ = {isa = PBXFileReference; fileEncoding = 4; lastKnownFileType = sourcecode.c.objc; path = TimePickerViewController.m; sourceTree = "<group>"; };
		5AEF49601C18CD62003F0F73 /* TimePickerViewController.xib */ = {isa = PBXFileReference; fileEncoding = 4; lastKnownFileType = file.xib; path = TimePickerViewController.xib; sourceTree = "<group>"; };
		5AEF49631C18CDC2003F0F73 /* ReasonPickerViewController.h */ = {isa = PBXFileReference; fileEncoding = 4; lastKnownFileType = sourcecode.c.h; path = ReasonPickerViewController.h; sourceTree = "<group>"; };
		5AEF49641C18CDC2003F0F73 /* ReasonPickerViewController.m */ = {isa = PBXFileReference; fileEncoding = 4; lastKnownFileType = sourcecode.c.objc; path = ReasonPickerViewController.m; sourceTree = "<group>"; };
		5AEF49651C18CDC2003F0F73 /* ReasonPickerViewController.xib */ = {isa = PBXFileReference; fileEncoding = 4; lastKnownFileType = file.xib; path = ReasonPickerViewController.xib; sourceTree = "<group>"; };
		C43C0CC31C18A94800BC3265 /* MainMenuViewController.h */ = {isa = PBXFileReference; fileEncoding = 4; lastKnownFileType = sourcecode.c.h; name = MainMenuViewController.h; path = ../MainMenuViewController.h; sourceTree = "<group>"; };
		C43C0CC41C18A94800BC3265 /* MainMenuViewController.m */ = {isa = PBXFileReference; fileEncoding = 4; lastKnownFileType = sourcecode.c.objc; name = MainMenuViewController.m; path = ../MainMenuViewController.m; sourceTree = "<group>"; };
		C43C0CC61C18C0F500BC3265 /* DateViewController.h */ = {isa = PBXFileReference; fileEncoding = 4; lastKnownFileType = sourcecode.c.h; path = DateViewController.h; sourceTree = "<group>"; };
		C43C0CC71C18C0F500BC3265 /* DateViewController.m */ = {isa = PBXFileReference; fileEncoding = 4; lastKnownFileType = sourcecode.c.objc; path = DateViewController.m; sourceTree = "<group>"; };
		C4CEF79D1C14B4A800376760 /* RoomRes.app */ = {isa = PBXFileReference; explicitFileType = wrapper.application; includeInIndex = 0; path = RoomRes.app; sourceTree = BUILT_PRODUCTS_DIR; };
		C4CEF7A11C14B4A800376760 /* Info.plist */ = {isa = PBXFileReference; lastKnownFileType = text.plist.xml; path = Info.plist; sourceTree = "<group>"; };
		C4CEF7A21C14B4A800376760 /* main.m */ = {isa = PBXFileReference; lastKnownFileType = sourcecode.c.objc; path = main.m; sourceTree = "<group>"; };
		C4CEF7A41C14B4A800376760 /* AppDelegate.h */ = {isa = PBXFileReference; lastKnownFileType = sourcecode.c.h; path = AppDelegate.h; sourceTree = "<group>"; };
		C4CEF7A51C14B4A800376760 /* AppDelegate.m */ = {isa = PBXFileReference; lastKnownFileType = sourcecode.c.objc; path = AppDelegate.m; sourceTree = "<group>"; };
		C4CEF7A81C14B4A900376760 /* RoomRes.xcdatamodel */ = {isa = PBXFileReference; lastKnownFileType = wrapper.xcdatamodel; path = RoomRes.xcdatamodel; sourceTree = "<group>"; };
		C4CEF7AA1C14B4A900376760 /* LoginViewController.h */ = {isa = PBXFileReference; lastKnownFileType = sourcecode.c.h; path = LoginViewController.h; sourceTree = "<group>"; };
		C4CEF7AB1C14B4A900376760 /* LoginViewController.m */ = {isa = PBXFileReference; lastKnownFileType = sourcecode.c.objc; path = LoginViewController.m; sourceTree = "<group>"; };
		C4CEF7AE1C14B4A900376760 /* Base */ = {isa = PBXFileReference; lastKnownFileType = file.storyboard; name = Base; path = Base.lproj/Main.storyboard; sourceTree = "<group>"; };
		C4CEF7B01C14B4A900376760 /* Images.xcassets */ = {isa = PBXFileReference; lastKnownFileType = folder.assetcatalog; path = Images.xcassets; sourceTree = "<group>"; };
		C4CEF7B31C14B4A900376760 /* Base */ = {isa = PBXFileReference; lastKnownFileType = file.xib; name = Base; path = Base.lproj/LaunchScreen.xib; sourceTree = "<group>"; };
		C4CEF7B91C14B4A900376760 /* RoomResTests.xctest */ = {isa = PBXFileReference; explicitFileType = wrapper.cfbundle; includeInIndex = 0; path = RoomResTests.xctest; sourceTree = BUILT_PRODUCTS_DIR; };
		C4CEF7BE1C14B4A900376760 /* Info.plist */ = {isa = PBXFileReference; lastKnownFileType = text.plist.xml; path = Info.plist; sourceTree = "<group>"; };
		C4CEF7BF1C14B4A900376760 /* RoomResTests.m */ = {isa = PBXFileReference; lastKnownFileType = sourcecode.c.objc; path = RoomResTests.m; sourceTree = "<group>"; };
		C4CEF7C91C14D49500376760 /* CoreData.framework */ = {isa = PBXFileReference; lastKnownFileType = wrapper.framework; name = CoreData.framework; path = System/Library/Frameworks/CoreData.framework; sourceTree = SDKROOT; };
/* End PBXFileReference section */

/* Begin PBXFrameworksBuildPhase section */
		C4CEF79A1C14B4A800376760 /* Frameworks */ = {
			isa = PBXFrameworksBuildPhase;
			buildActionMask = 2147483647;
			files = (
				C4CEF7CA1C14D49500376760 /* CoreData.framework in Frameworks */,
			);
			runOnlyForDeploymentPostprocessing = 0;
		};
		C4CEF7B61C14B4A900376760 /* Frameworks */ = {
			isa = PBXFrameworksBuildPhase;
			buildActionMask = 2147483647;
			files = (
			);
			runOnlyForDeploymentPostprocessing = 0;
		};
/* End PBXFrameworksBuildPhase section */

/* Begin PBXGroup section */
		5A53D69A1C18D3B6008EA182 /* Entities */ = {
			isa = PBXGroup;
			children = (
				5A53D6A11C18D4BA008EA182 /* Users.h */,
				5A53D6A21C18D4BA008EA182 /* Users.m */,
				5A53D69E1C18D4B9008EA182 /* Room.h */,
				5A53D69F1C18D4B9008EA182 /* Room.m */,
				5A53D69B1C18D4B9008EA182 /* Reservation.h */,
				5A53D69C1C18D4B9008EA182 /* Reservation.m */,
			);
			name = Entities;
			path = RoomRes;
			sourceTree = "<group>";
		};
		5AEF495D1C18CBE1003F0F73 /* Emmanuel's Scripts */ = {
			isa = PBXGroup;
			children = (
				C43C0CC61C18C0F500BC3265 /* DateViewController.h */,
				C43C0CC71C18C0F500BC3265 /* DateViewController.m */,
				5AEF495E1C18CD62003F0F73 /* TimePickerViewController.h */,
				5AEF495F1C18CD62003F0F73 /* TimePickerViewController.m */,
				5AEF49601C18CD62003F0F73 /* TimePickerViewController.xib */,
				5AEF49631C18CDC2003F0F73 /* ReasonPickerViewController.h */,
				5AEF49641C18CDC2003F0F73 /* ReasonPickerViewController.m */,
				5AEF49651C18CDC2003F0F73 /* ReasonPickerViewController.xib */,
				5A53D6951C18D055008EA182 /* RoomPickerViewController.h */,
				5A53D6961C18D055008EA182 /* RoomPickerViewController.m */,
				5A53D6971C18D055008EA182 /* RoomPickerViewController.xib */,
			);
			name = "Emmanuel's Scripts";
			sourceTree = "<group>";
		};
		C4CEF7941C14B4A800376760 = {
			isa = PBXGroup;
			children = (
				5A53D69A1C18D3B6008EA182 /* Entities */,
				C4CEF79F1C14B4A800376760 /* RoomRes */,
				C4CEF7BC1C14B4A900376760 /* RoomResTests */,
				C4CEF79E1C14B4A800376760 /* Products */,
				C4CEF7C91C14D49500376760 /* CoreData.framework */,
			);
			sourceTree = "<group>";
		};
		C4CEF79E1C14B4A800376760 /* Products */ = {
			isa = PBXGroup;
			children = (
				C4CEF79D1C14B4A800376760 /* RoomRes.app */,
				C4CEF7B91C14B4A900376760 /* RoomResTests.xctest */,
			);
			name = Products;
			sourceTree = "<group>";
		};
		C4CEF79F1C14B4A800376760 /* RoomRes */ = {
			isa = PBXGroup;
			children = (
				5AEF495D1C18CBE1003F0F73 /* Emmanuel's Scripts */,
				C4CEF7A41C14B4A800376760 /* AppDelegate.h */,
				C4CEF7A51C14B4A800376760 /* AppDelegate.m */,
				C4CEF7AA1C14B4A900376760 /* LoginViewController.h */,
				C4CEF7AB1C14B4A900376760 /* LoginViewController.m */,
				C43C0CC31C18A94800BC3265 /* MainMenuViewController.h */,
				C43C0CC41C18A94800BC3265 /* MainMenuViewController.m */,
				C4CEF7AD1C14B4A900376760 /* Main.storyboard */,
				C4CEF7B01C14B4A900376760 /* Images.xcassets */,
				C4CEF7B21C14B4A900376760 /* LaunchScreen.xib */,
				C4CEF7A71C14B4A900376760 /* RoomRes.xcdatamodeld */,
				C4CEF7A01C14B4A800376760 /* Supporting Files */,
			);
			path = RoomRes;
			sourceTree = "<group>";
		};
		C4CEF7A01C14B4A800376760 /* Supporting Files */ = {
			isa = PBXGroup;
			children = (
				C4CEF7A11C14B4A800376760 /* Info.plist */,
				C4CEF7A21C14B4A800376760 /* main.m */,
			);
			name = "Supporting Files";
			sourceTree = "<group>";
		};
		C4CEF7BC1C14B4A900376760 /* RoomResTests */ = {
			isa = PBXGroup;
			children = (
				C4CEF7BF1C14B4A900376760 /* RoomResTests.m */,
				C4CEF7BD1C14B4A900376760 /* Supporting Files */,
			);
			path = RoomResTests;
			sourceTree = "<group>";
		};
		C4CEF7BD1C14B4A900376760 /* Supporting Files */ = {
			isa = PBXGroup;
			children = (
				C4CEF7BE1C14B4A900376760 /* Info.plist */,
			);
			name = "Supporting Files";
			sourceTree = "<group>";
		};
/* End PBXGroup section */

/* Begin PBXNativeTarget section */
		C4CEF79C1C14B4A800376760 /* RoomRes */ = {
			isa = PBXNativeTarget;
			buildConfigurationList = C4CEF7C31C14B4A900376760 /* Build configuration list for PBXNativeTarget "RoomRes" */;
			buildPhases = (
				C4CEF7991C14B4A800376760 /* Sources */,
				C4CEF79A1C14B4A800376760 /* Frameworks */,
				C4CEF79B1C14B4A800376760 /* Resources */,
			);
			buildRules = (
			);
			dependencies = (
			);
			name = RoomRes;
			productName = RoomRes;
			productReference = C4CEF79D1C14B4A800376760 /* RoomRes.app */;
			productType = "com.apple.product-type.application";
		};
		C4CEF7B81C14B4A900376760 /* RoomResTests */ = {
			isa = PBXNativeTarget;
			buildConfigurationList = C4CEF7C61C14B4A900376760 /* Build configuration list for PBXNativeTarget "RoomResTests" */;
			buildPhases = (
				C4CEF7B51C14B4A900376760 /* Sources */,
				C4CEF7B61C14B4A900376760 /* Frameworks */,
				C4CEF7B71C14B4A900376760 /* Resources */,
			);
			buildRules = (
			);
			dependencies = (
				C4CEF7BB1C14B4A900376760 /* PBXTargetDependency */,
			);
			name = RoomResTests;
			productName = RoomResTests;
			productReference = C4CEF7B91C14B4A900376760 /* RoomResTests.xctest */;
			productType = "com.apple.product-type.bundle.unit-test";
		};
/* End PBXNativeTarget section */

/* Begin PBXProject section */
		C4CEF7951C14B4A800376760 /* Project object */ = {
			isa = PBXProject;
			attributes = {
				LastUpgradeCheck = 0630;
				ORGANIZATIONNAME = classroomM;
				TargetAttributes = {
					C4CEF79C1C14B4A800376760 = {
						CreatedOnToolsVersion = 6.3.1;
					};
					C4CEF7B81C14B4A900376760 = {
						CreatedOnToolsVersion = 6.3.1;
						TestTargetID = C4CEF79C1C14B4A800376760;
					};
				};
			};
			buildConfigurationList = C4CEF7981C14B4A800376760 /* Build configuration list for PBXProject "RoomRes" */;
			compatibilityVersion = "Xcode 6.3";
			developmentRegion = English;
			hasScannedForEncodings = 0;
			knownRegions = (
				en,
				Base,
			);
			mainGroup = C4CEF7941C14B4A800376760;
			productRefGroup = C4CEF79E1C14B4A800376760 /* Products */;
			projectDirPath = "";
			projectRoot = "";
			targets = (
				C4CEF79C1C14B4A800376760 /* RoomRes */,
				C4CEF7B81C14B4A900376760 /* RoomResTests */,
			);
		};
/* End PBXProject section */

/* Begin PBXResourcesBuildPhase section */
		C4CEF79B1C14B4A800376760 /* Resources */ = {
			isa = PBXResourcesBuildPhase;
			buildActionMask = 2147483647;
			files = (
				C4CEF7AF1C14B4A900376760 /* Main.storyboard in Resources */,
				5A53D6991C18D055008EA182 /* RoomPickerViewController.xib in Resources */,
				5AEF49671C18CDC2003F0F73 /* ReasonPickerViewController.xib in Resources */,
				5AEF49621C18CD62003F0F73 /* TimePickerViewController.xib in Resources */,
				C4CEF7B41C14B4A900376760 /* LaunchScreen.xib in Resources */,
				C4CEF7B11C14B4A900376760 /* Images.xcassets in Resources */,
			);
			runOnlyForDeploymentPostprocessing = 0;
		};
		C4CEF7B71C14B4A900376760 /* Resources */ = {
			isa = PBXResourcesBuildPhase;
			buildActionMask = 2147483647;
			files = (
			);
			runOnlyForDeploymentPostprocessing = 0;
		};
/* End PBXResourcesBuildPhase section */

/* Begin PBXSourcesBuildPhase section */
		C4CEF7991C14B4A800376760 /* Sources */ = {
			isa = PBXSourcesBuildPhase;
			buildActionMask = 2147483647;
			files = (
				5A53D6A31C18D4BA008EA182 /* Users.m in Sources */,
				5A53D6A01C18D4B9008EA182 /* Room.m in Sources */,
				C4CEF7A61C14B4A800376760 /* AppDelegate.m in Sources */,
				5AEF49661C18CDC2003F0F73 /* ReasonPickerViewController.m in Sources */,
				C4CEF7A31C14B4A800376760 /* main.m in Sources */,
				5AEF49611C18CD62003F0F73 /* TimePickerViewController.m in Sources */,
				5A53D6981C18D055008EA182 /* RoomPickerViewController.m in Sources */,
				C4CEF7AC1C14B4A900376760 /* LoginViewController.m in Sources */,
				5A53D69D1C18D4B9008EA182 /* Reservation.m in Sources */,
				C43C0CC51C18A94800BC3265 /* MainMenuViewController.m in Sources */,
				C4CEF7A91C14B4A900376760 /* RoomRes.xcdatamodeld in Sources */,
				C43C0CC81C18C0F500BC3265 /* DateViewController.m in Sources */,
			);
			runOnlyForDeploymentPostprocessing = 0;
		};
		C4CEF7B51C14B4A900376760 /* Sources */ = {
			isa = PBXSourcesBuildPhase;
			buildActionMask = 2147483647;
			files = (
				C4CEF7C01C14B4A900376760 /* RoomResTests.m in Sources */,
			);
			runOnlyForDeploymentPostprocessing = 0;
		};
/* End PBXSourcesBuildPhase section */

/* Begin PBXTargetDependency section */
		C4CEF7BB1C14B4A900376760 /* PBXTargetDependency */ = {
			isa = PBXTargetDependency;
			target = C4CEF79C1C14B4A800376760 /* RoomRes */;
			targetProxy = C4CEF7BA1C14B4A900376760 /* PBXContainerItemProxy */;
		};
/* End PBXTargetDependency section */

/* Begin PBXVariantGroup section */
		C4CEF7AD1C14B4A900376760 /* Main.storyboard */ = {
			isa = PBXVariantGroup;
			children = (
				C4CEF7AE1C14B4A900376760 /* Base */,
			);
			name = Main.storyboard;
			sourceTree = "<group>";
		};
		C4CEF7B21C14B4A900376760 /* LaunchScreen.xib */ = {
			isa = PBXVariantGroup;
			children = (
				C4CEF7B31C14B4A900376760 /* Base */,
			);
			name = LaunchScreen.xib;
			sourceTree = "<group>";
		};
/* End PBXVariantGroup section */

/* Begin XCBuildConfiguration section */
		C4CEF7C11C14B4A900376760 /* Debug */ = {
			isa = XCBuildConfiguration;
			buildSettings = {
				ALWAYS_SEARCH_USER_PATHS = NO;
				CLANG_CXX_LANGUAGE_STANDARD = "gnu++0x";
				CLANG_CXX_LIBRARY = "libc++";
				CLANG_ENABLE_MODULES = YES;
				CLANG_ENABLE_OBJC_ARC = YES;
				CLANG_WARN_BOOL_CONVERSION = YES;
				CLANG_WARN_CONSTANT_CONVERSION = YES;
				CLANG_WARN_DIRECT_OBJC_ISA_USAGE = YES_ERROR;
				CLANG_WARN_EMPTY_BODY = YES;
				CLANG_WARN_ENUM_CONVERSION = YES;
				CLANG_WARN_INT_CONVERSION = YES;
				CLANG_WARN_OBJC_ROOT_CLASS = YES_ERROR;
				CLANG_WARN_UNREACHABLE_CODE = YES;
				CLANG_WARN__DUPLICATE_METHOD_MATCH = YES;
				"CODE_SIGN_IDENTITY[sdk=iphoneos*]" = "iPhone Developer";
				COPY_PHASE_STRIP = NO;
				DEBUG_INFORMATION_FORMAT = "dwarf-with-dsym";
				ENABLE_STRICT_OBJC_MSGSEND = YES;
				GCC_C_LANGUAGE_STANDARD = gnu99;
				GCC_DYNAMIC_NO_PIC = NO;
				GCC_NO_COMMON_BLOCKS = YES;
				GCC_OPTIMIZATION_LEVEL = 0;
				GCC_PREPROCESSOR_DEFINITIONS = (
					"DEBUG=1",
					"$(inherited)",
				);
				GCC_SYMBOLS_PRIVATE_EXTERN = NO;
				GCC_WARN_64_TO_32_BIT_CONVERSION = YES;
				GCC_WARN_ABOUT_RETURN_TYPE = YES_ERROR;
				GCC_WARN_UNDECLARED_SELECTOR = YES;
				GCC_WARN_UNINITIALIZED_AUTOS = YES_AGGRESSIVE;
				GCC_WARN_UNUSED_FUNCTION = YES;
				GCC_WARN_UNUSED_VARIABLE = YES;
				IPHONEOS_DEPLOYMENT_TARGET = 8.3;
				MTL_ENABLE_DEBUG_INFO = YES;
				ONLY_ACTIVE_ARCH = YES;
				SDKROOT = iphoneos;
			};
			name = Debug;
		};
		C4CEF7C21C14B4A900376760 /* Release */ = {
			isa = XCBuildConfiguration;
			buildSettings = {
				ALWAYS_SEARCH_USER_PATHS = NO;
				CLANG_CXX_LANGUAGE_STANDARD = "gnu++0x";
				CLANG_CXX_LIBRARY = "libc++";
				CLANG_ENABLE_MODULES = YES;
				CLANG_ENABLE_OBJC_ARC = YES;
				CLANG_WARN_BOOL_CONVERSION = YES;
				CLANG_WARN_CONSTANT_CONVERSION = YES;
				CLANG_WARN_DIRECT_OBJC_ISA_USAGE = YES_ERROR;
				CLANG_WARN_EMPTY_BODY = YES;
				CLANG_WARN_ENUM_CONVERSION = YES;
				CLANG_WARN_INT_CONVERSION = YES;
				CLANG_WARN_OBJC_ROOT_CLASS = YES_ERROR;
				CLANG_WARN_UNREACHABLE_CODE = YES;
				CLANG_WARN__DUPLICATE_METHOD_MATCH = YES;
				"CODE_SIGN_IDENTITY[sdk=iphoneos*]" = "iPhone Developer";
				COPY_PHASE_STRIP = NO;
				DEBUG_INFORMATION_FORMAT = "dwarf-with-dsym";
				ENABLE_NS_ASSERTIONS = NO;
				ENABLE_STRICT_OBJC_MSGSEND = YES;
				GCC_C_LANGUAGE_STANDARD = gnu99;
				GCC_NO_COMMON_BLOCKS = YES;
				GCC_WARN_64_TO_32_BIT_CONVERSION = YES;
				GCC_WARN_ABOUT_RETURN_TYPE = YES_ERROR;
				GCC_WARN_UNDECLARED_SELECTOR = YES;
				GCC_WARN_UNINITIALIZED_AUTOS = YES_AGGRESSIVE;
				GCC_WARN_UNUSED_FUNCTION = YES;
				GCC_WARN_UNUSED_VARIABLE = YES;
				IPHONEOS_DEPLOYMENT_TARGET = 8.3;
				MTL_ENABLE_DEBUG_INFO = NO;
				SDKROOT = iphoneos;
				VALIDATE_PRODUCT = YES;
			};
			name = Release;
		};
		C4CEF7C41C14B4A900376760 /* Debug */ = {
			isa = XCBuildConfiguration;
			buildSettings = {
				ASSETCATALOG_COMPILER_APPICON_NAME = AppIcon;
				INFOPLIST_FILE = RoomRes/Info.plist;
				LD_RUNPATH_SEARCH_PATHS = "$(inherited) @executable_path/Frameworks";
				PRODUCT_NAME = "$(TARGET_NAME)";
			};
			name = Debug;
		};
		C4CEF7C51C14B4A900376760 /* Release */ = {
			isa = XCBuildConfiguration;
			buildSettings = {
				ASSETCATALOG_COMPILER_APPICON_NAME = AppIcon;
				INFOPLIST_FILE = RoomRes/Info.plist;
				LD_RUNPATH_SEARCH_PATHS = "$(inherited) @executable_path/Frameworks";
				PRODUCT_NAME = "$(TARGET_NAME)";
			};
			name = Release;
		};
		C4CEF7C71C14B4A900376760 /* Debug */ = {
			isa = XCBuildConfiguration;
			buildSettings = {
				BUNDLE_LOADER = "$(TEST_HOST)";
				FRAMEWORK_SEARCH_PATHS = (
					"$(SDKROOT)/Developer/Library/Frameworks",
					"$(inherited)",
				);
				GCC_PREPROCESSOR_DEFINITIONS = (
					"DEBUG=1",
					"$(inherited)",
				);
				INFOPLIST_FILE = RoomResTests/Info.plist;
				LD_RUNPATH_SEARCH_PATHS = "$(inherited) @executable_path/Frameworks @loader_path/Frameworks";
				PRODUCT_NAME = "$(TARGET_NAME)";
				TEST_HOST = "$(BUILT_PRODUCTS_DIR)/RoomRes.app/RoomRes";
			};
			name = Debug;
		};
		C4CEF7C81C14B4A900376760 /* Release */ = {
			isa = XCBuildConfiguration;
			buildSettings = {
				BUNDLE_LOADER = "$(TEST_HOST)";
				FRAMEWORK_SEARCH_PATHS = (
					"$(SDKROOT)/Developer/Library/Frameworks",
					"$(inherited)",
				);
				INFOPLIST_FILE = RoomResTests/Info.plist;
				LD_RUNPATH_SEARCH_PATHS = "$(inherited) @executable_path/Frameworks @loader_path/Frameworks";
				PRODUCT_NAME = "$(TARGET_NAME)";
				TEST_HOST = "$(BUILT_PRODUCTS_DIR)/RoomRes.app/RoomRes";
			};
			name = Release;
		};
/* End XCBuildConfiguration section */

/* Begin XCConfigurationList section */
		C4CEF7981C14B4A800376760 /* Build configuration list for PBXProject "RoomRes" */ = {
			isa = XCConfigurationList;
			buildConfigurations = (
				C4CEF7C11C14B4A900376760 /* Debug */,
				C4CEF7C21C14B4A900376760 /* Release */,
			);
			defaultConfigurationIsVisible = 0;
			defaultConfigurationName = Release;
		};
		C4CEF7C31C14B4A900376760 /* Build configuration list for PBXNativeTarget "RoomRes" */ = {
			isa = XCConfigurationList;
			buildConfigurations = (
				C4CEF7C41C14B4A900376760 /* Debug */,
				C4CEF7C51C14B4A900376760 /* Release */,
			);
			defaultConfigurationIsVisible = 0;
			defaultConfigurationName = Release;
		};
		C4CEF7C61C14B4A900376760 /* Build configuration list for PBXNativeTarget "RoomResTests" */ = {
			isa = XCConfigurationList;
			buildConfigurations = (
				C4CEF7C71C14B4A900376760 /* Debug */,
				C4CEF7C81C14B4A900376760 /* Release */,
			);
			defaultConfigurationIsVisible = 0;
			defaultConfigurationName = Release;
		};
/* End XCConfigurationList section */

/* Begin XCVersionGroup section */
		C4CEF7A71C14B4A900376760 /* RoomRes.xcdatamodeld */ = {
			isa = XCVersionGroup;
			children = (
				C4CEF7A81C14B4A900376760 /* RoomRes.xcdatamodel */,
			);
			currentVersion = C4CEF7A81C14B4A900376760 /* RoomRes.xcdatamodel */;
			path = RoomRes.xcdatamodeld;
			sourceTree = "<group>";
			versionGroupType = wrapper.xcdatamodel;
		};
/* End XCVersionGroup section */
	};
	rootObject = C4CEF7951C14B4A800376760 /* Project object */;
}
